
Microsoft Visual Studio Solution File, Format Version 12.00
# Visual Studio Version 18
VisualStudioVersion = 18.7.11919.86 stable
MinimumVisualStudioVersion = 10.0.40219.1
Project("{FAE04EC0-301F-11D3-BF4B-00C04F79EFBC}") = "MuonDetectorReader", "MuonDetectorReader\MuonDetectorReader.csproj", "{97E0928E-7AB3-47B4-9BC2-49EE88C3D40C}"
EndProject
Global
	GlobalSection(SolutionConfigurationPlatforms) = preSolution
		Debug|Any CPU = Debug|Any CPU
		Debug|x86 = Debug|x86
		Release|Any CPU = Release|Any CPU
		Release|x86 = Release|x86
	EndGlobalSection
	GlobalSection(ProjectConfigurationPlatforms) = postSolution
		{97E0928E-7AB3-47B4-9BC2-49EE88C3D40C}.Debug|Any CPU.ActiveCfg = Debug|Any CPU
		{97E0928E-7AB3-47B4-9BC2-49EE88C3D40C}.Debug|Any CPU.Build.0 = Debug|Any CPU
		{97E0928E-7AB3-47B4-9BC2-49EE88C3D40C}.Debug|x86.ActiveCfg = Debug|x86
		{97E0928E-7AB3-47B4-9BC2-49EE88C3D40C}.Debug|x86.Build.0 = Debug|x86
		{97E0928E-7AB3-47B4-9BC2-49EE88C3D40C}.Release|Any CPU.ActiveCfg = Release|Any CPU
		{97E0928E-7AB3-47B4-9BC2-49EE88C3D40C}.Release|Any CPU.Build.0 = Release|Any CPU
		{97E0928E-7AB3-47B4-9BC2-49EE88C3D40C}.Release|x86.ActiveCfg = Release|x86
		{97E0928E-7AB3-47B4-9BC2-49EE88C3D40C}.Release|x86.Build.0 = Release|x86
	EndGlobalSection
	GlobalSection(SolutionProperties) = preSolution
		HideSolutionNode = FALSE
	EndGlobalSection
	GlobalSection(ExtensibilityGlobals) = postSolution
		SolutionGuid = {41BC6107-28D9-4247-98B4-AC7D3C801EBF}
	EndGlobalSection
EndGlobal
